// !$*UTF8*$!
{
	archiveVersion = 1;
	classes = {
	};
	objectVersion = 55;
	objects = {

/* Begin PBXBuildFile section */
		1767B0F428AF7429005536FB /* Post.swift in Sources */ = {isa = PBXBuildFile; fileRef = 1767B0F328AF7429005536FB /* Post.swift */; };
		1767B0F828AF7460005536FB /* PostTableViewCell.swift in Sources */ = {isa = PBXBuildFile; fileRef = 1767B0F528AF7460005536FB /* PostTableViewCell.swift */; };
		1767B0F928AF7460005536FB /* FeedTableViewController.swift in Sources */ = {isa = PBXBuildFile; fileRef = 1767B0F628AF7460005536FB /* FeedTableViewController.swift */; };
		1767B0FA28AF7460005536FB /* PostDetailsViewController.swift in Sources */ = {isa = PBXBuildFile; fileRef = 1767B0F728AF7460005536FB /* PostDetailsViewController.swift */; };
		179A0BF728AFE3C800F5F5EB /* EditPostViewController.swift in Sources */ = {isa = PBXBuildFile; fileRef = 179A0BF628AFE3C800F5F5EB /* EditPostViewController.swift */; };
		179A0BF928B1403E00F5F5EB /* NewPostViewController.swift in Sources */ = {isa = PBXBuildFile; fileRef = 179A0BF828B1403E00F5F5EB /* NewPostViewController.swift */; };
		179A0BFE28B2784E00F5F5EB /* LoginViewController.swift in Sources */ = {isa = PBXBuildFile; fileRef = 179A0BFD28B2784E00F5F5EB /* LoginViewController.swift */; };
		179A0C0428B27AEB00F5F5EB /* ProfileViewController.swift in Sources */ = {isa = PBXBuildFile; fileRef = 179A0C0328B27AEB00F5F5EB /* ProfileViewController.swift */; };
		179A0C0628B27BC200F5F5EB /* EditProfileViewController.swift in Sources */ = {isa = PBXBuildFile; fileRef = 179A0C0528B27BC200F5F5EB /* EditProfileViewController.swift */; };
		179A0C0828B27C8200F5F5EB /* RegisterViewController.swift in Sources */ = {isa = PBXBuildFile; fileRef = 179A0C0728B27C8200F5F5EB /* RegisterViewController.swift */; };
		179A0C0A28B27ECF00F5F5EB /* AddCommentViewController.swift in Sources */ = {isa = PBXBuildFile; fileRef = 179A0C0928B27ECF00F5F5EB /* AddCommentViewController.swift */; };
		6D628CBA28B2558D0028F031 /* User.swift in Sources */ = {isa = PBXBuildFile; fileRef = 6D628CB928B2558D0028F031 /* User.swift */; };
		6D628CBC28B2560A0028F031 /* Model.swift in Sources */ = {isa = PBXBuildFile; fileRef = 6D628CBB28B2560A0028F031 /* Model.swift */; };
		6D628CBE28B256590028F031 /* GoogleService-Info.plist in Resources */ = {isa = PBXBuildFile; fileRef = 6D628CBD28B256590028F031 /* GoogleService-Info.plist */; };
		6D628CC128B256C70028F031 /* FirebaseAnalytics in Frameworks */ = {isa = PBXBuildFile; productRef = 6D628CC028B256C70028F031 /* FirebaseAnalytics */; };
		6D628CC328B256C70028F031 /* FirebaseAuth in Frameworks */ = {isa = PBXBuildFile; productRef = 6D628CC228B256C70028F031 /* FirebaseAuth */; };
		6D628CC528B256C70028F031 /* FirebaseFirestore in Frameworks */ = {isa = PBXBuildFile; productRef = 6D628CC428B256C70028F031 /* FirebaseFirestore */; };
		6D628CC728B256C70028F031 /* FirebaseStorage in Frameworks */ = {isa = PBXBuildFile; productRef = 6D628CC628B256C70028F031 /* FirebaseStorage */; };
		6D628CC928B258460028F031 /* ModelFirebase.swift in Sources */ = {isa = PBXBuildFile; fileRef = 6D628CC828B258460028F031 /* ModelFirebase.swift */; };
		6D628CCB28B25B270028F031 /* Post_coreDataProperties.swift in Sources */ = {isa = PBXBuildFile; fileRef = 6D628CCA28B25B270028F031 /* Post_coreDataProperties.swift */; };
		6D628CCD28B264150028F031 /* Post_CoreDataClass.swift in Sources */ = {isa = PBXBuildFile; fileRef = 6D628CCC28B264150028F031 /* Post_CoreDataClass.swift */; };
		6D664BFB2898591600977564 /* AppDelegate.swift in Sources */ = {isa = PBXBuildFile; fileRef = 6D664BFA2898591600977564 /* AppDelegate.swift */; };
		6D664BFD2898591600977564 /* SceneDelegate.swift in Sources */ = {isa = PBXBuildFile; fileRef = 6D664BFC2898591600977564 /* SceneDelegate.swift */; };
		6D664BFF2898591600977564 /* ViewController.swift in Sources */ = {isa = PBXBuildFile; fileRef = 6D664BFE2898591600977564 /* ViewController.swift */; };
		6D664C022898591600977564 /* Main.storyboard in Resources */ = {isa = PBXBuildFile; fileRef = 6D664C002898591600977564 /* Main.storyboard */; };
		6D664C042898591700977564 /* Assets.xcassets in Resources */ = {isa = PBXBuildFile; fileRef = 6D664C032898591700977564 /* Assets.xcassets */; };
		6D664C072898591700977564 /* LaunchScreen.storyboard in Resources */ = {isa = PBXBuildFile; fileRef = 6D664C052898591700977564 /* LaunchScreen.storyboard */; };
/* End PBXBuildFile section */

/* Begin PBXFileReference section */
		1767B0F328AF7429005536FB /* Post.swift */ = {isa = PBXFileReference; fileEncoding = 4; lastKnownFileType = sourcecode.swift; path = Post.swift; sourceTree = "<group>"; };
		1767B0F528AF7460005536FB /* PostTableViewCell.swift */ = {isa = PBXFileReference; fileEncoding = 4; lastKnownFileType = sourcecode.swift; path = PostTableViewCell.swift; sourceTree = "<group>"; };
		1767B0F628AF7460005536FB /* FeedTableViewController.swift */ = {isa = PBXFileReference; fileEncoding = 4; lastKnownFileType = sourcecode.swift; path = FeedTableViewController.swift; sourceTree = "<group>"; };
		1767B0F728AF7460005536FB /* PostDetailsViewController.swift */ = {isa = PBXFileReference; fileEncoding = 4; lastKnownFileType = sourcecode.swift; path = PostDetailsViewController.swift; sourceTree = "<group>"; };
		179A0BF628AFE3C800F5F5EB /* EditPostViewController.swift */ = {isa = PBXFileReference; lastKnownFileType = sourcecode.swift; path = EditPostViewController.swift; sourceTree = "<group>"; };
		179A0BF828B1403E00F5F5EB /* NewPostViewController.swift */ = {isa = PBXFileReference; fileEncoding = 4; lastKnownFileType = sourcecode.swift; path = NewPostViewController.swift; sourceTree = "<group>"; };
		179A0BFD28B2784E00F5F5EB /* LoginViewController.swift */ = {isa = PBXFileReference; lastKnownFileType = sourcecode.swift; path = LoginViewController.swift; sourceTree = "<group>"; };
		179A0C0328B27AEB00F5F5EB /* ProfileViewController.swift */ = {isa = PBXFileReference; lastKnownFileType = sourcecode.swift; path = ProfileViewController.swift; sourceTree = "<group>"; };
		179A0C0528B27BC200F5F5EB /* EditProfileViewController.swift */ = {isa = PBXFileReference; lastKnownFileType = sourcecode.swift; path = EditProfileViewController.swift; sourceTree = "<group>"; };
		179A0C0728B27C8200F5F5EB /* RegisterViewController.swift */ = {isa = PBXFileReference; lastKnownFileType = sourcecode.swift; path = RegisterViewController.swift; sourceTree = "<group>"; };
		179A0C0928B27ECF00F5F5EB /* AddCommentViewController.swift */ = {isa = PBXFileReference; lastKnownFileType = sourcecode.swift; path = AddCommentViewController.swift; sourceTree = "<group>"; };
		6D628CB928B2558D0028F031 /* User.swift */ = {isa = PBXFileReference; lastKnownFileType = sourcecode.swift; path = User.swift; sourceTree = "<group>"; };
		6D628CBB28B2560A0028F031 /* Model.swift */ = {isa = PBXFileReference; lastKnownFileType = sourcecode.swift; path = Model.swift; sourceTree = "<group>"; };
		6D628CBD28B256590028F031 /* GoogleService-Info.plist */ = {isa = PBXFileReference; fileEncoding = 4; lastKnownFileType = text.plist.xml; path = "GoogleService-Info.plist"; sourceTree = "<group>"; };
		6D628CC828B258460028F031 /* ModelFirebase.swift */ = {isa = PBXFileReference; lastKnownFileType = sourcecode.swift; path = ModelFirebase.swift; sourceTree = "<group>"; };
		6D628CCA28B25B270028F031 /* Post_coreDataProperties.swift */ = {isa = PBXFileReference; lastKnownFileType = sourcecode.swift; path = Post_coreDataProperties.swift; sourceTree = "<group>"; };
		6D628CCC28B264150028F031 /* Post_CoreDataClass.swift */ = {isa = PBXFileReference; lastKnownFileType = sourcecode.swift; path = Post_CoreDataClass.swift; sourceTree = "<group>"; };
		6D664BF72898591600977564 /* TWM.app */ = {isa = PBXFileReference; explicitFileType = wrapper.application; includeInIndex = 0; path = TWM.app; sourceTree = BUILT_PRODUCTS_DIR; };
		6D664BFA2898591600977564 /* AppDelegate.swift */ = {isa = PBXFileReference; lastKnownFileType = sourcecode.swift; path = AppDelegate.swift; sourceTree = "<group>"; };
		6D664BFC2898591600977564 /* SceneDelegate.swift */ = {isa = PBXFileReference; lastKnownFileType = sourcecode.swift; path = SceneDelegate.swift; sourceTree = "<group>"; };
		6D664BFE2898591600977564 /* ViewController.swift */ = {isa = PBXFileReference; lastKnownFileType = sourcecode.swift; path = ViewController.swift; sourceTree = "<group>"; };
		6D664C012898591600977564 /* Base */ = {isa = PBXFileReference; lastKnownFileType = file.storyboard; name = Base; path = Base.lproj/Main.storyboard; sourceTree = "<group>"; };
		6D664C032898591700977564 /* Assets.xcassets */ = {isa = PBXFileReference; lastKnownFileType = folder.assetcatalog; path = Assets.xcassets; sourceTree = "<group>"; };
		6D664C062898591700977564 /* Base */ = {isa = PBXFileReference; lastKnownFileType = file.storyboard; name = Base; path = Base.lproj/LaunchScreen.storyboard; sourceTree = "<group>"; };
		6D664C082898591700977564 /* Info.plist */ = {isa = PBXFileReference; lastKnownFileType = text.plist.xml; path = Info.plist; sourceTree = "<group>"; };
/* End PBXFileReference section */

/* Begin PBXFrameworksBuildPhase section */
		6D664BF42898591600977564 /* Frameworks */ = {
			isa = PBXFrameworksBuildPhase;
			buildActionMask = 2147483647;
			files = (
				6D628CC128B256C70028F031 /* FirebaseAnalytics in Frameworks */,
				6D628CC728B256C70028F031 /* FirebaseStorage in Frameworks */,
				6D628CC328B256C70028F031 /* FirebaseAuth in Frameworks */,
				6D628CC528B256C70028F031 /* FirebaseFirestore in Frameworks */,
			);
			runOnlyForDeploymentPostprocessing = 0;
		};
/* End PBXFrameworksBuildPhase section */

/* Begin PBXGroup section */
		1767B0F228AF7429005536FB /* Model */ = {
			isa = PBXGroup;
			children = (
				1767B0F328AF7429005536FB /* Post.swift */,
				6D628CB928B2558D0028F031 /* User.swift */,
				6D628CBB28B2560A0028F031 /* Model.swift */,
				6D628CC828B258460028F031 /* ModelFirebase.swift */,
				6D628CCA28B25B270028F031 /* Post_coreDataProperties.swift */,
				6D628CCC28B264150028F031 /* Post_CoreDataClass.swift */,
			);
			path = Model;
			sourceTree = "<group>";
		};
		6D664BEE2898591600977564 = {
			isa = PBXGroup;
			children = (
				6D664BF92898591600977564 /* TWM */,
				6D664BF82898591600977564 /* Products */,
			);
			sourceTree = "<group>";
		};
		6D664BF82898591600977564 /* Products */ = {
			isa = PBXGroup;
			children = (
				6D664BF72898591600977564 /* TWM.app */,
			);
			name = Products;
			sourceTree = "<group>";
		};
		6D664BF92898591600977564 /* TWM */ = {
			isa = PBXGroup;
			children = (
				1767B0F228AF7429005536FB /* Model */,
				6D664BFA2898591600977564 /* AppDelegate.swift */,
				6D664BFC2898591600977564 /* SceneDelegate.swift */,
				6D664BFE2898591600977564 /* ViewController.swift */,
				6D628CBD28B256590028F031 /* GoogleService-Info.plist */,
				6D664C002898591600977564 /* Main.storyboard */,
				6D664C032898591700977564 /* Assets.xcassets */,
				6D664C052898591700977564 /* LaunchScreen.storyboard */,
				6D664C082898591700977564 /* Info.plist */,
				179A0BFD28B2784E00F5F5EB /* LoginViewController.swift */,
				1767B0F728AF7460005536FB /* PostDetailsViewController.swift */,
				1767B0F628AF7460005536FB /* FeedTableViewController.swift */,
				1767B0F528AF7460005536FB /* PostTableViewCell.swift */,
				179A0BF628AFE3C800F5F5EB /* EditPostViewController.swift */,
				179A0BF828B1403E00F5F5EB /* NewPostViewController.swift */,
				179A0C0328B27AEB00F5F5EB /* ProfileViewController.swift */,
				179A0C0528B27BC200F5F5EB /* EditProfileViewController.swift */,
				179A0C0728B27C8200F5F5EB /* RegisterViewController.swift */,
				179A0C0928B27ECF00F5F5EB /* AddCommentViewController.swift */,
			);
			path = TWM;
			sourceTree = "<group>";
		};
/* End PBXGroup section */

/* Begin PBXNativeTarget section */
		6D664BF62898591600977564 /* TWM */ = {
			isa = PBXNativeTarget;
			buildConfigurationList = 6D664C0B2898591700977564 /* Build configuration list for PBXNativeTarget "TWM" */;
			buildPhases = (
				6D664BF32898591600977564 /* Sources */,
				6D664BF42898591600977564 /* Frameworks */,
				6D664BF52898591600977564 /* Resources */,
			);
			buildRules = (
			);
			dependencies = (
			);
			name = TWM;
			packageProductDependencies = (
				6D628CC028B256C70028F031 /* FirebaseAnalytics */,
				6D628CC228B256C70028F031 /* FirebaseAuth */,
				6D628CC428B256C70028F031 /* FirebaseFirestore */,
				6D628CC628B256C70028F031 /* FirebaseStorage */,
			);
			productName = TWM;
			productReference = 6D664BF72898591600977564 /* TWM.app */;
			productType = "com.apple.product-type.application";
		};
/* End PBXNativeTarget section */

/* Begin PBXProject section */
		6D664BEF2898591600977564 /* Project object */ = {
			isa = PBXProject;
			attributes = {
				BuildIndependentTargetsInParallel = 1;
				LastSwiftUpdateCheck = 1340;
				LastUpgradeCheck = 1340;
				TargetAttributes = {
					6D664BF62898591600977564 = {
						CreatedOnToolsVersion = 13.4.1;
					};
				};
			};
			buildConfigurationList = 6D664BF22898591600977564 /* Build configuration list for PBXProject "TWM" */;
			compatibilityVersion = "Xcode 13.0";
			developmentRegion = en;
			hasScannedForEncodings = 0;
			knownRegions = (
				en,
				Base,
			);
			mainGroup = 6D664BEE2898591600977564;
			packageReferences = (
				6D628CBF28B256C70028F031 /* XCRemoteSwiftPackageReference "firebase-ios-sdk" */,
			);
			productRefGroup = 6D664BF82898591600977564 /* Products */;
			projectDirPath = "";
			projectRoot = "";
			targets = (
				6D664BF62898591600977564 /* TWM */,
			);
		};
/* End PBXProject section */

/* Begin PBXResourcesBuildPhase section */
		6D664BF52898591600977564 /* Resources */ = {
			isa = PBXResourcesBuildPhase;
			buildActionMask = 2147483647;
			files = (
				6D664C072898591700977564 /* LaunchScreen.storyboard in Resources */,
				6D628CBE28B256590028F031 /* GoogleService-Info.plist in Resources */,
				6D664C042898591700977564 /* Assets.xcassets in Resources */,
				6D664C022898591600977564 /* Main.storyboard in Resources */,
			);
			runOnlyForDeploymentPostprocessing = 0;
		};
/* End PBXResourcesBuildPhase section */

/* Begin PBXSourcesBuildPhase section */
		6D664BF32898591600977564 /* Sources */ = {
			isa = PBXSourcesBuildPhase;
			buildActionMask = 2147483647;
			files = (
				6D664BFF2898591600977564 /* ViewController.swift in Sources */,
				6D628CCB28B25B270028F031 /* Post_coreDataProperties.swift in Sources */,
				1767B0FA28AF7460005536FB /* PostDetailsViewController.swift in Sources */,
				179A0BFE28B2784E00F5F5EB /* LoginViewController.swift in Sources */,
				179A0BF728AFE3C800F5F5EB /* EditPostViewController.swift in Sources */,
				1767B0F828AF7460005536FB /* PostTableViewCell.swift in Sources */,
				179A0C0428B27AEB00F5F5EB /* ProfileViewController.swift in Sources */,
				6D628CCD28B264150028F031 /* Post_CoreDataClass.swift in Sources */,
				6D628CC928B258460028F031 /* ModelFirebase.swift in Sources */,
				179A0C0828B27C8200F5F5EB /* RegisterViewController.swift in Sources */,
				6D664BFB2898591600977564 /* AppDelegate.swift in Sources */,
				179A0C0628B27BC200F5F5EB /* EditProfileViewController.swift in Sources */,
				1767B0F928AF7460005536FB /* FeedTableViewController.swift in Sources */,
				179A0C0A28B27ECF00F5F5EB /* AddCommentViewController.swift in Sources */,
				179A0BF928B1403E00F5F5EB /* NewPostViewController.swift in Sources */,
				6D664BFD2898591600977564 /* SceneDelegate.swift in Sources */,
				6D628CBC28B2560A0028F031 /* Model.swift in Sources */,
				6D628CBA28B2558D0028F031 /* User.swift in Sources */,
				1767B0F428AF7429005536FB /* Post.swift in Sources */,
			);
			runOnlyForDeploymentPostprocessing = 0;
		};
/* End PBXSourcesBuildPhase section */

/* Begin PBXVariantGroup section */
		6D664C002898591600977564 /* Main.storyboard */ = {
			isa = PBXVariantGroup;
			children = (
				6D664C012898591600977564 /* Base */,
			);
			name = Main.storyboard;
			sourceTree = "<group>";
		};
		6D664C052898591700977564 /* LaunchScreen.storyboard */ = {
			isa = PBXVariantGroup;
			children = (
				6D664C062898591700977564 /* Base */,
			);
			name = LaunchScreen.storyboard;
			sourceTree = "<group>";
		};
/* End PBXVariantGroup section */

/* Begin XCBuildConfiguration section */
		6D664C092898591700977564 /* Debug */ = {
			isa = XCBuildConfiguration;
			buildSettings = {
				ALWAYS_SEARCH_USER_PATHS = NO;
				CLANG_ANALYZER_NONNULL = YES;
				CLANG_ANALYZER_NUMBER_OBJECT_CONVERSION = YES_AGGRESSIVE;
				CLANG_CXX_LANGUAGE_STANDARD = "gnu++17";
				CLANG_ENABLE_MODULES = YES;
				CLANG_ENABLE_OBJC_ARC = YES;
				CLANG_ENABLE_OBJC_WEAK = YES;
				CLANG_WARN_BLOCK_CAPTURE_AUTORELEASING = YES;
				CLANG_WARN_BOOL_CONVERSION = YES;
				CLANG_WARN_COMMA = YES;
				CLANG_WARN_CONSTANT_CONVERSION = YES;
				CLANG_WARN_DEPRECATED_OBJC_IMPLEMENTATIONS = YES;
				CLANG_WARN_DIRECT_OBJC_ISA_USAGE = YES_ERROR;
				CLANG_WARN_DOCUMENTATION_COMMENTS = YES;
				CLANG_WARN_EMPTY_BODY = YES;
				CLANG_WARN_ENUM_CONVERSION = YES;
				CLANG_WARN_INFINITE_RECURSION = YES;
				CLANG_WARN_INT_CONVERSION = YES;
				CLANG_WARN_NON_LITERAL_NULL_CONVERSION = YES;
				CLANG_WARN_OBJC_IMPLICIT_RETAIN_SELF = YES;
				CLANG_WARN_OBJC_LITERAL_CONVERSION = YES;
				CLANG_WARN_OBJC_ROOT_CLASS = YES_ERROR;
				CLANG_WARN_QUOTED_INCLUDE_IN_FRAMEWORK_HEADER = YES;
				CLANG_WARN_RANGE_LOOP_ANALYSIS = YES;
				CLANG_WARN_STRICT_PROTOTYPES = YES;
				CLANG_WARN_SUSPICIOUS_MOVE = YES;
				CLANG_WARN_UNGUARDED_AVAILABILITY = YES_AGGRESSIVE;
				CLANG_WARN_UNREACHABLE_CODE = YES;
				CLANG_WARN__DUPLICATE_METHOD_MATCH = YES;
				COPY_PHASE_STRIP = NO;
				DEBUG_INFORMATION_FORMAT = dwarf;
				ENABLE_STRICT_OBJC_MSGSEND = YES;
				ENABLE_TESTABILITY = YES;
				GCC_C_LANGUAGE_STANDARD = gnu11;
				GCC_DYNAMIC_NO_PIC = NO;
				GCC_NO_COMMON_BLOCKS = YES;
				GCC_OPTIMIZATION_LEVEL = 0;
				GCC_PREPROCESSOR_DEFINITIONS = (
					"DEBUG=1",
					"$(inherited)",
				);
				GCC_WARN_64_TO_32_BIT_CONVERSION = YES;
				GCC_WARN_ABOUT_RETURN_TYPE = YES_ERROR;
				GCC_WARN_UNDECLARED_SELECTOR = YES;
				GCC_WARN_UNINITIALIZED_AUTOS = YES_AGGRESSIVE;
				GCC_WARN_UNUSED_FUNCTION = YES;
				GCC_WARN_UNUSED_VARIABLE = YES;
				IPHONEOS_DEPLOYMENT_TARGET = 15.5;
				MTL_ENABLE_DEBUG_INFO = INCLUDE_SOURCE;
				MTL_FAST_MATH = YES;
				ONLY_ACTIVE_ARCH = YES;
				SDKROOT = iphoneos;
				SWIFT_ACTIVE_COMPILATION_CONDITIONS = DEBUG;
				SWIFT_OPTIMIZATION_LEVEL = "-Onone";
			};
			name = Debug;
		};
		6D664C0A2898591700977564 /* Release */ = {
			isa = XCBuildConfiguration;
			buildSettings = {
				ALWAYS_SEARCH_USER_PATHS = NO;
				CLANG_ANALYZER_NONNULL = YES;
				CLANG_ANALYZER_NUMBER_OBJECT_CONVERSION = YES_AGGRESSIVE;
				CLANG_CXX_LANGUAGE_STANDARD = "gnu++17";
				CLANG_ENABLE_MODULES = YES;
				CLANG_ENABLE_OBJC_ARC = YES;
				CLANG_ENABLE_OBJC_WEAK = YES;
				CLANG_WARN_BLOCK_CAPTURE_AUTORELEASING = YES;
				CLANG_WARN_BOOL_CONVERSION = YES;
				CLANG_WARN_COMMA = YES;
				CLANG_WARN_CONSTANT_CONVERSION = YES;
				CLANG_WARN_DEPRECATED_OBJC_IMPLEMENTATIONS = YES;
				CLANG_WARN_DIRECT_OBJC_ISA_USAGE = YES_ERROR;
				CLANG_WARN_DOCUMENTATION_COMMENTS = YES;
				CLANG_WARN_EMPTY_BODY = YES;
				CLANG_WARN_ENUM_CONVERSION = YES;
				CLANG_WARN_INFINITE_RECURSION = YES;
				CLANG_WARN_INT_CONVERSION = YES;
				CLANG_WARN_NON_LITERAL_NULL_CONVERSION = YES;
				CLANG_WARN_OBJC_IMPLICIT_RETAIN_SELF = YES;
				CLANG_WARN_OBJC_LITERAL_CONVERSION = YES;
				CLANG_WARN_OBJC_ROOT_CLASS = YES_ERROR;
				CLANG_WARN_QUOTED_INCLUDE_IN_FRAMEWORK_HEADER = YES;
				CLANG_WARN_RANGE_LOOP_ANALYSIS = YES;
				CLANG_WARN_STRICT_PROTOTYPES = YES;
				CLANG_WARN_SUSPICIOUS_MOVE = YES;
				CLANG_WARN_UNGUARDED_AVAILABILITY = YES_AGGRESSIVE;
				CLANG_WARN_UNREACHABLE_CODE = YES;
				CLANG_WARN__DUPLICATE_METHOD_MATCH = YES;
				COPY_PHASE_STRIP = NO;
				DEBUG_INFORMATION_FORMAT = "dwarf-with-dsym";
				ENABLE_NS_ASSERTIONS = NO;
				ENABLE_STRICT_OBJC_MSGSEND = YES;
				GCC_C_LANGUAGE_STANDARD = gnu11;
				GCC_NO_COMMON_BLOCKS = YES;
				GCC_WARN_64_TO_32_BIT_CONVERSION = YES;
				GCC_WARN_ABOUT_RETURN_TYPE = YES_ERROR;
				GCC_WARN_UNDECLARED_SELECTOR = YES;
				GCC_WARN_UNINITIALIZED_AUTOS = YES_AGGRESSIVE;
				GCC_WARN_UNUSED_FUNCTION = YES;
				GCC_WARN_UNUSED_VARIABLE = YES;
				IPHONEOS_DEPLOYMENT_TARGET = 15.5;
				MTL_ENABLE_DEBUG_INFO = NO;
				MTL_FAST_MATH = YES;
				SDKROOT = iphoneos;
				SWIFT_COMPILATION_MODE = wholemodule;
				SWIFT_OPTIMIZATION_LEVEL = "-O";
				VALIDATE_PRODUCT = YES;
			};
			name = Release;
		};
		6D664C0C2898591700977564 /* Debug */ = {
			isa = XCBuildConfiguration;
			buildSettings = {
				ASSETCATALOG_COMPILER_APPICON_NAME = AppIcon;
				ASSETCATALOG_COMPILER_GLOBAL_ACCENT_COLOR_NAME = AccentColor;
				CODE_SIGN_STYLE = Automatic;
				CURRENT_PROJECT_VERSION = 1;
				DEVELOPMENT_TEAM = 2AQX7B265D;
				GENERATE_INFOPLIST_FILE = YES;
				INFOPLIST_FILE = TWM/Info.plist;
				INFOPLIST_KEY_UIApplicationSupportsIndirectInputEvents = YES;
				INFOPLIST_KEY_UILaunchStoryboardName = LaunchScreen;
				INFOPLIST_KEY_UIMainStoryboardFile = Main;
				INFOPLIST_KEY_UISupportedInterfaceOrientations_iPad = "UIInterfaceOrientationPortrait UIInterfaceOrientationPortraitUpsideDown UIInterfaceOrientationLandscapeLeft UIInterfaceOrientationLandscapeRight";
				INFOPLIST_KEY_UISupportedInterfaceOrientations_iPhone = "UIInterfaceOrientationPortrait UIInterfaceOrientationLandscapeLeft UIInterfaceOrientationLandscapeRight";
				LD_RUNPATH_SEARCH_PATHS = (
					"$(inherited)",
					"@executable_path/Frameworks",
				);
				MARKETING_VERSION = 1.0;
				PRODUCT_BUNDLE_IDENTIFIER = com.Barber.TWM;
				PRODUCT_NAME = "$(TARGET_NAME)";
				SWIFT_EMIT_LOC_STRINGS = YES;
				SWIFT_VERSION = 5.0;
				TARGETED_DEVICE_FAMILY = "1,2";
			};
			name = Debug;
		};
		6D664C0D2898591700977564 /* Release */ = {
			isa = XCBuildConfiguration;
			buildSettings = {
				ASSETCATALOG_COMPILER_APPICON_NAME = AppIcon;
				ASSETCATALOG_COMPILER_GLOBAL_ACCENT_COLOR_NAME = AccentColor;
				CODE_SIGN_STYLE = Automatic;
				CURRENT_PROJECT_VERSION = 1;
				DEVELOPMENT_TEAM = 2AQX7B265D;
				GENERATE_INFOPLIST_FILE = YES;
				INFOPLIST_FILE = TWM/Info.plist;
				INFOPLIST_KEY_UIApplicationSupportsIndirectInputEvents = YES;
				INFOPLIST_KEY_UILaunchStoryboardName = LaunchScreen;
				INFOPLIST_KEY_UIMainStoryboardFile = Main;
				INFOPLIST_KEY_UISupportedInterfaceOrientations_iPad = "UIInterfaceOrientationPortrait UIInterfaceOrientationPortraitUpsideDown UIInterfaceOrientationLandscapeLeft UIInterfaceOrientationLandscapeRight";
				INFOPLIST_KEY_UISupportedInterfaceOrientations_iPhone = "UIInterfaceOrientationPortrait UIInterfaceOrientationLandscapeLeft UIInterfaceOrientationLandscapeRight";
				LD_RUNPATH_SEARCH_PATHS = (
					"$(inherited)",
					"@executable_path/Frameworks",
				);
				MARKETING_VERSION = 1.0;
				PRODUCT_BUNDLE_IDENTIFIER = com.Barber.TWM;
				PRODUCT_NAME = "$(TARGET_NAME)";
				SWIFT_EMIT_LOC_STRINGS = YES;
				SWIFT_VERSION = 5.0;
				TARGETED_DEVICE_FAMILY = "1,2";
			};
			name = Release;
		};
/* End XCBuildConfiguration section */

/* Begin XCConfigurationList section */
		6D664BF22898591600977564 /* Build configuration list for PBXProject "TWM" */ = {
			isa = XCConfigurationList;
			buildConfigurations = (
				6D664C092898591700977564 /* Debug */,
				6D664C0A2898591700977564 /* Release */,
			);
			defaultConfigurationIsVisible = 0;
			defaultConfigurationName = Release;
		};
		6D664C0B2898591700977564 /* Build configuration list for PBXNativeTarget "TWM" */ = {
			isa = XCConfigurationList;
			buildConfigurations = (
				6D664C0C2898591700977564 /* Debug */,
				6D664C0D2898591700977564 /* Release */,
			);
			defaultConfigurationIsVisible = 0;
			defaultConfigurationName = Release;
		};
/* End XCConfigurationList section */

/* Begin XCRemoteSwiftPackageReference section */
		6D628CBF28B256C70028F031 /* XCRemoteSwiftPackageReference "firebase-ios-sdk" */ = {
			isa = XCRemoteSwiftPackageReference;
			repositoryURL = "https://github.com/firebase/firebase-ios-sdk";
			requirement = {
				branch = master;
				kind = branch;
			};
		};
/* End XCRemoteSwiftPackageReference section */

/* Begin XCSwiftPackageProductDependency section */
		6D628CC028B256C70028F031 /* FirebaseAnalytics */ = {
			isa = XCSwiftPackageProductDependency;
			package = 6D628CBF28B256C70028F031 /* XCRemoteSwiftPackageReference "firebase-ios-sdk" */;
			productName = FirebaseAnalytics;
		};
		6D628CC228B256C70028F031 /* FirebaseAuth */ = {
			isa = XCSwiftPackageProductDependency;
			package = 6D628CBF28B256C70028F031 /* XCRemoteSwiftPackageReference "firebase-ios-sdk" */;
			productName = FirebaseAuth;
		};
		6D628CC428B256C70028F031 /* FirebaseFirestore */ = {
			isa = XCSwiftPackageProductDependency;
			package = 6D628CBF28B256C70028F031 /* XCRemoteSwiftPackageReference "firebase-ios-sdk" */;
			productName = FirebaseFirestore;
		};
		6D628CC628B256C70028F031 /* FirebaseStorage */ = {
			isa = XCSwiftPackageProductDependency;
			package = 6D628CBF28B256C70028F031 /* XCRemoteSwiftPackageReference "firebase-ios-sdk" */;
			productName = FirebaseStorage;
		};
/* End XCSwiftPackageProductDependency section */
	};
	rootObject = 6D664BEF2898591600977564 /* Project object */;
}
